
Microsoft Visual Studio Solution File, Format Version 12.00
# Visual Studio Version 16
VisualStudioVersion = 16.0.30804.86
MinimumVisualStudioVersion = 10.0.40219.1
Project("{FAE04EC0-301F-11D3-BF4B-00C04F79EFBC}") = "PickingAPPApi", "PickingAPPApi\PickingAPPApi.csproj", "{66FADEBD-C365-4E4A-907E-0A8DE53C730C}"
EndProject
Global
	GlobalSection(SolutionConfigurationPlatforms) = preSolution
		Debug|Any CPU = Debug|Any CPU
		Release|Any CPU = Release|Any CPU
	EndGlobalSection
	GlobalSection(ProjectConfigurationPlatforms) = postSolution
		{66FADEBD-C365-4E4A-907E-0A8DE53C730C}.Debug|Any CPU.ActiveCfg = Debug|Any CPU
		{66FADEBD-C365-4E4A-907E-0A8DE53C730C}.Debug|Any CPU.Build.0 = Debug|Any CPU
		{66FADEBD-C365-4E4A-907E-0A8DE53C730C}.Release|Any CPU.ActiveCfg = Release|Any CPU
		{66FADEBD-C365-4E4A-907E-0A8DE53C730C}.Release|Any CPU.Build.0 = Release|Any CPU
	EndGlobalSection
	GlobalSection(SolutionProperties) = preSolution
		HideSolutionNode = FALSE
	EndGlobalSection
	GlobalSection(ExtensibilityGlobals) = postSolution
		SolutionGuid = {E9CC08B7-ECF3-4D54-BE45-5F1C4E69123F}
	EndGlobalSection
EndGlobal
